
Microsoft Visual Studio Solution File, Format Version 12.00
# Visual Studio Version 16
VisualStudioVersion = 16.0.30002.166
MinimumVisualStudioVersion = 10.0.40219.1
Project("{8BC9CEB8-8B4A-11D0-8D11-00A0C91BC942}") = "Lab2final", "Lab2final\Lab2final.vcxproj", "{34796AE3-74D3-4025-9D7A-F1C31FF7D892}"
EndProject
Global
	GlobalSection(SolutionConfigurationPlatforms) = preSolution
		Debug|x64 = Debug|x64
		Debug|x86 = Debug|x86
		Release|x64 = Release|x64
		Release|x86 = Release|x86
	EndGlobalSection
	GlobalSection(ProjectConfigurationPlatforms) = postSolution
		{34796AE3-74D3-4025-9D7A-F1C31FF7D892}.Debug|x64.ActiveCfg = Debug|x64
		{34796AE3-74D3-4025-9D7A-F1C31FF7D892}.Debug|x64.Build.0 = Debug|x64
		{34796AE3-74D3-4025-9D7A-F1C31FF7D892}.Debug|x86.ActiveCfg = Debug|Win32
		{34796AE3-74D3-4025-9D7A-F1C31FF7D892}.Debug|x86.Build.0 = Debug|Win32
		{34796AE3-74D3-4025-9D7A-F1C31FF7D892}.Release|x64.ActiveCfg = Release|x64
		{34796AE3-74D3-4025-9D7A-F1C31FF7D892}.Release|x64.Build.0 = Release|x64
		{34796AE3-74D3-4025-9D7A-F1C31FF7D892}.Release|x86.ActiveCfg = Release|Win32
		{34796AE3-74D3-4025-9D7A-F1C31FF7D892}.Release|x86.Build.0 = Release|Win32
	EndGlobalSection
	GlobalSection(SolutionProperties) = preSolution
		HideSolutionNode = FALSE
	EndGlobalSection
	GlobalSection(ExtensibilityGlobals) = postSolution
		SolutionGuid = {32C26801-690C-48D6-A739-B7DB328EE9DA}
	EndGlobalSection
EndGlobal
